// !$*UTF8*$!
{
	archiveVersion = 1;
	classes = {
	};
	objectVersion = 46;
	objects = {

/* Begin PBXBuildFile section */
		E755CD5C1BCAF40E00AF1B8E /* AppDelegate.swift in Sources */ = {isa = PBXBuildFile; fileRef = E755CD5B1BCAF40E00AF1B8E /* AppDelegate.swift */; };
		E755CD5E1BCAF40E00AF1B8E /* ViewController.swift in Sources */ = {isa = PBXBuildFile; fileRef = E755CD5D1BCAF40E00AF1B8E /* ViewController.swift */; };
		E755CD611BCAF40E00AF1B8E /* Main.storyboard in Resources */ = {isa = PBXBuildFile; fileRef = E755CD5F1BCAF40E00AF1B8E /* Main.storyboard */; };
		E755CD631BCAF40E00AF1B8E /* Images.xcassets in Resources */ = {isa = PBXBuildFile; fileRef = E755CD621BCAF40E00AF1B8E /* Images.xcassets */; };
		E755CD661BCAF40E00AF1B8E /* LaunchScreen.xib in Resources */ = {isa = PBXBuildFile; fileRef = E755CD641BCAF40E00AF1B8E /* LaunchScreen.xib */; };
		E755CD721BCAF40E00AF1B8E /* QuickTweetTests.swift in Sources */ = {isa = PBXBuildFile; fileRef = E755CD711BCAF40E00AF1B8E /* QuickTweetTests.swift */; };
/* End PBXBuildFile section */

/* Begin PBXContainerItemProxy section */
		E755CD6C1BCAF40E00AF1B8E /* PBXContainerItemProxy */ = {
			isa = PBXContainerItemProxy;
			containerPortal = E755CD4E1BCAF40E00AF1B8E /* Project object */;
			proxyType = 1;
			remoteGlobalIDString = E755CD551BCAF40E00AF1B8E;
			remoteInfo = QuickTweet;
		};
/* End PBXContainerItemProxy section */

/* Begin PBXFileReference section */
		E755CD561BCAF40E00AF1B8E /* QuickTweet.app */ = {isa = PBXFileReference; explicitFileType = wrapper.application; includeInIndex = 0; path = QuickTweet.app; sourceTree = BUILT_PRODUCTS_DIR; };
		E755CD5A1BCAF40E00AF1B8E /* Info.plist */ = {isa = PBXFileReference; lastKnownFileType = text.plist.xml; path = Info.plist; sourceTree = "<group>"; };
		E755CD5B1BCAF40E00AF1B8E /* AppDelegate.swift */ = {isa = PBXFileReference; lastKnownFileType = sourcecode.swift; path = AppDelegate.swift; sourceTree = "<group>"; };
		E755CD5D1BCAF40E00AF1B8E /* ViewController.swift */ = {isa = PBXFileReference; lastKnownFileType = sourcecode.swift; path = ViewController.swift; sourceTree = "<group>"; };
		E755CD601BCAF40E00AF1B8E /* Base */ = {isa = PBXFileReference; lastKnownFileType = file.storyboard; name = Base; path = Base.lproj/Main.storyboard; sourceTree = "<group>"; };
		E755CD621BCAF40E00AF1B8E /* Images.xcassets */ = {isa = PBXFileReference; lastKnownFileType = folder.assetcatalog; path = Images.xcassets; sourceTree = "<group>"; };
		E755CD651BCAF40E00AF1B8E /* Base */ = {isa = PBXFileReference; lastKnownFileType = file.xib; name = Base; path = Base.lproj/LaunchScreen.xib; sourceTree = "<group>"; };
		E755CD6B1BCAF40E00AF1B8E /* QuickTweetTests.xctest */ = {isa = PBXFileReference; explicitFileType = wrapper.cfbundle; includeInIndex = 0; path = QuickTweetTests.xctest; sourceTree = BUILT_PRODUCTS_DIR; };
		E755CD701BCAF40E00AF1B8E /* Info.plist */ = {isa = PBXFileReference; lastKnownFileType = text.plist.xml; path = Info.plist; sourceTree = "<group>"; };
		E755CD711BCAF40E00AF1B8E /* QuickTweetTests.swift */ = {isa = PBXFileReference; lastKnownFileType = sourcecode.swift; path = QuickTweetTests.swift; sourceTree = "<group>"; };
/* End PBXFileReference section */

/* Begin PBXFrameworksBuildPhase section */
		E755CD531BCAF40E00AF1B8E /* Frameworks */ = {
			isa = PBXFrameworksBuildPhase;
			buildActionMask = 2147483647;
			files = (
			);
			runOnlyForDeploymentPostprocessing = 0;
		};
		E755CD681BCAF40E00AF1B8E /* Frameworks */ = {
			isa = PBXFrameworksBuildPhase;
			buildActionMask = 2147483647;
			files = (
			);
			runOnlyForDeploymentPostprocessing = 0;
		};
/* End PBXFrameworksBuildPhase section */

/* Begin PBXGroup section */
		E755CD4D1BCAF40E00AF1B8E = {
			isa = PBXGroup;
			children = (
				E755CD581BCAF40E00AF1B8E /* QuickTweet */,
				E755CD6E1BCAF40E00AF1B8E /* QuickTweetTests */,
				E755CD571BCAF40E00AF1B8E /* Products */,
			);
			sourceTree = "<group>";
		};
		E755CD571BCAF40E00AF1B8E /* Products */ = {
			isa = PBXGroup;
			children = (
				E755CD561BCAF40E00AF1B8E /* QuickTweet.app */,
				E755CD6B1BCAF40E00AF1B8E /* QuickTweetTests.xctest */,
			);
			name = Products;
			sourceTree = "<group>";
		};
		E755CD581BCAF40E00AF1B8E /* QuickTweet */ = {
			isa = PBXGroup;
			children = (
				E755CD5B1BCAF40E00AF1B8E /* AppDelegate.swift */,
				E755CD5D1BCAF40E00AF1B8E /* ViewController.swift */,
				E755CD5F1BCAF40E00AF1B8E /* Main.storyboard */,
				E755CD621BCAF40E00AF1B8E /* Images.xcassets */,
				E755CD641BCAF40E00AF1B8E /* LaunchScreen.xib */,
				E755CD591BCAF40E00AF1B8E /* Supporting Files */,
			);
			path = QuickTweet;
			sourceTree = "<group>";
		};
		E755CD591BCAF40E00AF1B8E /* Supporting Files */ = {
			isa = PBXGroup;
			children = (
				E755CD5A1BCAF40E00AF1B8E /* Info.plist */,
			);
			name = "Supporting Files";
			sourceTree = "<group>";
		};
		E755CD6E1BCAF40E00AF1B8E /* QuickTweetTests */ = {
			isa = PBXGroup;
			children = (
				E755CD711BCAF40E00AF1B8E /* QuickTweetTests.swift */,
				E755CD6F1BCAF40E00AF1B8E /* Supporting Files */,
			);
			path = QuickTweetTests;
			sourceTree = "<group>";
		};
		E755CD6F1BCAF40E00AF1B8E /* Supporting Files */ = {
			isa = PBXGroup;
			children = (
				E755CD701BCAF40E00AF1B8E /* Info.plist */,
			);
			name = "Supporting Files";
			sourceTree = "<group>";
		};
/* End PBXGroup section */

/* Begin PBXNativeTarget section */
		E755CD551BCAF40E00AF1B8E /* QuickTweet */ = {
			isa = PBXNativeTarget;
			buildConfigurationList = E755CD751BCAF40E00AF1B8E /* Build configuration list for PBXNativeTarget "QuickTweet" */;
			buildPhases = (
				E755CD521BCAF40E00AF1B8E /* Sources */,
				E755CD531BCAF40E00AF1B8E /* Frameworks */,
				E755CD541BCAF40E00AF1B8E /* Resources */,
			);
			buildRules = (
			);
			dependencies = (
			);
			name = QuickTweet;
			productName = QuickTweet;
			productReference = E755CD561BCAF40E00AF1B8E /* QuickTweet.app */;
			productType = "com.apple.product-type.application";
		};
		E755CD6A1BCAF40E00AF1B8E /* QuickTweetTests */ = {
			isa = PBXNativeTarget;
			buildConfigurationList = E755CD781BCAF40E00AF1B8E /* Build configuration list for PBXNativeTarget "QuickTweetTests" */;
			buildPhases = (
				E755CD671BCAF40E00AF1B8E /* Sources */,
				E755CD681BCAF40E00AF1B8E /* Frameworks */,
				E755CD691BCAF40E00AF1B8E /* Resources */,
			);
			buildRules = (
			);
			dependencies = (
				E755CD6D1BCAF40E00AF1B8E /* PBXTargetDependency */,
			);
			name = QuickTweetTests;
			productName = QuickTweetTests;
			productReference = E755CD6B1BCAF40E00AF1B8E /* QuickTweetTests.xctest */;
			productType = "com.apple.product-type.bundle.unit-test";
		};
/* End PBXNativeTarget section */

/* Begin PBXProject section */
		E755CD4E1BCAF40E00AF1B8E /* Project object */ = {
			isa = PBXProject;
			attributes = {
				LastUpgradeCheck = 0640;
				ORGANIZATIONNAME = "Larry Heimann";
				TargetAttributes = {
					E755CD551BCAF40E00AF1B8E = {
						CreatedOnToolsVersion = 6.4;
					};
					E755CD6A1BCAF40E00AF1B8E = {
						CreatedOnToolsVersion = 6.4;
						TestTargetID = E755CD551BCAF40E00AF1B8E;
					};
				};
			};
			buildConfigurationList = E755CD511BCAF40E00AF1B8E /* Build configuration list for PBXProject "QuickTweet" */;
			compatibilityVersion = "Xcode 3.2";
			developmentRegion = English;
			hasScannedForEncodings = 0;
			knownRegions = (
				en,
				Base,
			);
			mainGroup = E755CD4D1BCAF40E00AF1B8E;
			productRefGroup = E755CD571BCAF40E00AF1B8E /* Products */;
			projectDirPath = "";
			projectRoot = "";
			targets = (
				E755CD551BCAF40E00AF1B8E /* QuickTweet */,
				E755CD6A1BCAF40E00AF1B8E /* QuickTweetTests */,
			);
		};
/* End PBXProject section */

/* Begin PBXResourcesBuildPhase section */
		E755CD541BCAF40E00AF1B8E /* Resources */ = {
			isa = PBXResourcesBuildPhase;
			buildActionMask = 2147483647;
			files = (
				E755CD611BCAF40E00AF1B8E /* Main.storyboard in Resources */,
				E755CD661BCAF40E00AF1B8E /* LaunchScreen.xib in Resources */,
				E755CD631BCAF40E00AF1B8E /* Images.xcassets in Resources */,
			);
			runOnlyForDeploymentPostprocessing = 0;
		};
		E755CD691BCAF40E00AF1B8E /* Resources */ = {
			isa = PBXResourcesBuildPhase;
			buildActionMask = 2147483647;
			files = (
			);
			runOnlyForDeploymentPostprocessing = 0;
		};
/* End PBXResourcesBuildPhase section */

/* Begin PBXSourcesBuildPhase section */
		E755CD521BCAF40E00AF1B8E /* Sources */ = {
			isa = PBXSourcesBuildPhase;
			buildActionMask = 2147483647;
			files = (
				E755CD5E1BCAF40E00AF1B8E /* ViewController.swift in Sources */,
				E755CD5C1BCAF40E00AF1B8E /* AppDelegate.swift in Sources */,
			);
			runOnlyForDeploymentPostprocessing = 0;
		};
		E755CD671BCAF40E00AF1B8E /* Sources */ = {
			isa = PBXSourcesBuildPhase;
			buildActionMask = 2147483647;
			files = (
				E755CD721BCAF40E00AF1B8E /* QuickTweetTests.swift in Sources */,
			);
			runOnlyForDeploymentPostprocessing = 0;
		};
/* End PBXSourcesBuildPhase section */

/* Begin PBXTargetDependency section */
		E755CD6D1BCAF40E00AF1B8E /* PBXTargetDependency */ = {
			isa = PBXTargetDependency;
			target = E755CD551BCAF40E00AF1B8E /* QuickTweet */;
			targetProxy = E755CD6C1BCAF40E00AF1B8E /* PBXContainerItemProxy */;
		};
/* End PBXTargetDependency section */

/* Begin PBXVariantGroup section */
		E755CD5F1BCAF40E00AF1B8E /* Main.storyboard */ = {
			isa = PBXVariantGroup;
			children = (
				E755CD601BCAF40E00AF1B8E /* Base */,
			);
			name = Main.storyboard;
			sourceTree = "<group>";
		};
		E755CD641BCAF40E00AF1B8E /* LaunchScreen.xib */ = {
			isa = PBXVariantGroup;
			children = (
				E755CD651BCAF40E00AF1B8E /* Base */,
			);
			name = LaunchScreen.xib;
			sourceTree = "<group>";
		};
/* End PBXVariantGroup section */

/* Begin XCBuildConfiguration section */
		E755CD731BCAF40E00AF1B8E /* Debug */ = {
			isa = XCBuildConfiguration;
			buildSettings = {
				ALWAYS_SEARCH_USER_PATHS = NO;
				CLANG_CXX_LANGUAGE_STANDARD = "gnu++0x";
				CLANG_CXX_LIBRARY = "libc++";
				CLANG_ENABLE_MODULES = YES;
				CLANG_ENABLE_OBJC_ARC = YES;
				CLANG_WARN_BOOL_CONVERSION = YES;
				CLANG_WARN_CONSTANT_CONVERSION = YES;
				CLANG_WARN_DIRECT_OBJC_ISA_USAGE = YES_ERROR;
				CLANG_WARN_EMPTY_BODY = YES;
				CLANG_WARN_ENUM_CONVERSION = YES;
				CLANG_WARN_INT_CONVERSION = YES;
				CLANG_WARN_OBJC_ROOT_CLASS = YES_ERROR;
				CLANG_WARN_UNREACHABLE_CODE = YES;
				CLANG_WARN__DUPLICATE_METHOD_MATCH = YES;
				"CODE_SIGN_IDENTITY[sdk=iphoneos*]" = "iPhone Developer";
				COPY_PHASE_STRIP = NO;
				DEBUG_INFORMATION_FORMAT = "dwarf-with-dsym";
				ENABLE_STRICT_OBJC_MSGSEND = YES;
				GCC_C_LANGUAGE_STANDARD = gnu99;
				GCC_DYNAMIC_NO_PIC = NO;
				GCC_NO_COMMON_BLOCKS = YES;
				GCC_OPTIMIZATION_LEVEL = 0;
				GCC_PREPROCESSOR_DEFINITIONS = (
					"DEBUG=1",
					"$(inherited)",
				);
				GCC_SYMBOLS_PRIVATE_EXTERN = NO;
				GCC_WARN_64_TO_32_BIT_CONVERSION = YES;
				GCC_WARN_ABOUT_RETURN_TYPE = YES_ERROR;
				GCC_WARN_UNDECLARED_SELECTOR = YES;
				GCC_WARN_UNINITIALIZED_AUTOS = YES_AGGRESSIVE;
				GCC_WARN_UNUSED_FUNCTION = YES;
				GCC_WARN_UNUSED_VARIABLE = YES;
				IPHONEOS_DEPLOYMENT_TARGET = 8.4;
				MTL_ENABLE_DEBUG_INFO = YES;
				ONLY_ACTIVE_ARCH = YES;
				SDKROOT = iphoneos;
				SWIFT_OPTIMIZATION_LEVEL = "-Onone";
			};
			name = Debug;
		};
		E755CD741BCAF40E00AF1B8E /* Release */ = {
			isa = XCBuildConfiguration;
			buildSettings = {
				ALWAYS_SEARCH_USER_PATHS = NO;
				CLANG_CXX_LANGUAGE_STANDARD = "gnu++0x";
				CLANG_CXX_LIBRARY = "libc++";
				CLANG_ENABLE_MODULES = YES;
				CLANG_ENABLE_OBJC_ARC = YES;
				CLANG_WARN_BOOL_CONVERSION = YES;
				CLANG_WARN_CONSTANT_CONVERSION = YES;
				CLANG_WARN_DIRECT_OBJC_ISA_USAGE = YES_ERROR;
				CLANG_WARN_EMPTY_BODY = YES;
				CLANG_WARN_ENUM_CONVERSION = YES;
				CLANG_WARN_INT_CONVERSION = YES;
				CLANG_WARN_OBJC_ROOT_CLASS = YES_ERROR;
				CLANG_WARN_UNREACHABLE_CODE = YES;
				CLANG_WARN__DUPLICATE_METHOD_MATCH = YES;
				"CODE_SIGN_IDENTITY[sdk=iphoneos*]" = "iPhone Developer";
				COPY_PHASE_STRIP = NO;
				DEBUG_INFORMATION_FORMAT = "dwarf-with-dsym";
				ENABLE_NS_ASSERTIONS = NO;
				ENABLE_STRICT_OBJC_MSGSEND = YES;
				GCC_C_LANGUAGE_STANDARD = gnu99;
				GCC_NO_COMMON_BLOCKS = YES;
				GCC_WARN_64_TO_32_BIT_CONVERSION = YES;
				GCC_WARN_ABOUT_RETURN_TYPE = YES_ERROR;
				GCC_WARN_UNDECLARED_SELECTOR = YES;
				GCC_WARN_UNINITIALIZED_AUTOS = YES_AGGRESSIVE;
				GCC_WARN_UNUSED_FUNCTION = YES;
				GCC_WARN_UNUSED_VARIABLE = YES;
				IPHONEOS_DEPLOYMENT_TARGET = 8.4;
				MTL_ENABLE_DEBUG_INFO = NO;
				SDKROOT = iphoneos;
				VALIDATE_PRODUCT = YES;
			};
			name = Release;
		};
		E755CD761BCAF40E00AF1B8E /* Debug */ = {
			isa = XCBuildConfiguration;
			buildSettings = {
				ASSETCATALOG_COMPILER_APPICON_NAME = AppIcon;
				INFOPLIST_FILE = QuickTweet/Info.plist;
				LD_RUNPATH_SEARCH_PATHS = "$(inherited) @executable_path/Frameworks";
				PRODUCT_NAME = "$(TARGET_NAME)";
			};
			name = Debug;
		};
		E755CD771BCAF40E00AF1B8E /* Release */ = {
			isa = XCBuildConfiguration;
			buildSettings = {
				ASSETCATALOG_COMPILER_APPICON_NAME = AppIcon;
				INFOPLIST_FILE = QuickTweet/Info.plist;
				LD_RUNPATH_SEARCH_PATHS = "$(inherited) @executable_path/Frameworks";
				PRODUCT_NAME = "$(TARGET_NAME)";
			};
			name = Release;
		};
		E755CD791BCAF40E00AF1B8E /* Debug */ = {
			isa = XCBuildConfiguration;
			buildSettings = {
				BUNDLE_LOADER = "$(TEST_HOST)";
				FRAMEWORK_SEARCH_PATHS = (
					"$(SDKROOT)/Developer/Library/Frameworks",
					"$(inherited)",
				);
				GCC_PREPROCESSOR_DEFINITIONS = (
					"DEBUG=1",
					"$(inherited)",
				);
				INFOPLIST_FILE = QuickTweetTests/Info.plist;
				LD_RUNPATH_SEARCH_PATHS = "$(inherited) @executable_path/Frameworks @loader_path/Frameworks";
				PRODUCT_NAME = "$(TARGET_NAME)";
				TEST_HOST = "$(BUILT_PRODUCTS_DIR)/QuickTweet.app/QuickTweet";
			};
			name = Debug;
		};
		E755CD7A1BCAF40E00AF1B8E /* Release */ = {
			isa = XCBuildConfiguration;
			buildSettings = {
				BUNDLE_LOADER = "$(TEST_HOST)";
				FRAMEWORK_SEARCH_PATHS = (
					"$(SDKROOT)/Developer/Library/Frameworks",
					"$(inherited)",
				);
				INFOPLIST_FILE = QuickTweetTests/Info.plist;
				LD_RUNPATH_SEARCH_PATHS = "$(inherited) @executable_path/Frameworks @loader_path/Frameworks";
				PRODUCT_NAME = "$(TARGET_NAME)";
				TEST_HOST = "$(BUILT_PRODUCTS_DIR)/QuickTweet.app/QuickTweet";
			};
			name = Release;
		};
/* End XCBuildConfiguration section */

/* Begin XCConfigurationList section */
		E755CD511BCAF40E00AF1B8E /* Build configuration list for PBXProject "QuickTweet" */ = {
			isa = XCConfigurationList;
			buildConfigurations = (
				E755CD731BCAF40E00AF1B8E /* Debug */,
				E755CD741BCAF40E00AF1B8E /* Release */,
			);
			defaultConfigurationIsVisible = 0;
			defaultConfigurationName = Release;
		};
		E755CD751BCAF40E00AF1B8E /* Build configuration list for PBXNativeTarget "QuickTweet" */ = {
			isa = XCConfigurationList;
			buildConfigurations = (
				E755CD761BCAF40E00AF1B8E /* Debug */,
				E755CD771BCAF40E00AF1B8E /* Release */,
			);
			defaultConfigurationIsVisible = 0;
		};
		E755CD781BCAF40E00AF1B8E /* Build configuration list for PBXNativeTarget "QuickTweetTests" */ = {
			isa = XCConfigurationList;
			buildConfigurations = (
				E755CD791BCAF40E00AF1B8E /* Debug */,
				E755CD7A1BCAF40E00AF1B8E /* Release */,
			);
			defaultConfigurationIsVisible = 0;
		};
/* End XCConfigurationList section */
	};
	rootObject = E755CD4E1BCAF40E00AF1B8E /* Project object */;
}
